
Microsoft Visual Studio Solution File, Format Version 12.00
# Visual Studio Version 17
VisualStudioVersion = 17.3.32901.215
MinimumVisualStudioVersion = 10.0.40219.1
Project("{FAE04EC0-301F-11D3-BF4B-00C04F79EFBC}") = "BlazorApp1", "BlazorApp1.csproj", "{7C130738-7CEE-4B2C-B253-0708EFED35DB}"
EndProject
Global
	GlobalSection(SolutionConfigurationPlatforms) = preSolution
		Debug|Any CPU = Debug|Any CPU
		Release|Any CPU = Release|Any CPU
	EndGlobalSection
	GlobalSection(ProjectConfigurationPlatforms) = postSolution
		{7C130738-7CEE-4B2C-B253-0708EFED35DB}.Debug|Any CPU.ActiveCfg = Debug|Any CPU
		{7C130738-7CEE-4B2C-B253-0708EFED35DB}.Debug|Any CPU.Build.0 = Debug|Any CPU
		{7C130738-7CEE-4B2C-B253-0708EFED35DB}.Release|Any CPU.ActiveCfg = Release|Any CPU
		{7C130738-7CEE-4B2C-B253-0708EFED35DB}.Release|Any CPU.Build.0 = Release|Any CPU
	EndGlobalSection
	GlobalSection(SolutionProperties) = preSolution
		HideSolutionNode = FALSE
	EndGlobalSection
	GlobalSection(ExtensibilityGlobals) = postSolution
		SolutionGuid = {B588BAD1-E209-44AD-9605-CBEA5DF8E96D}
	EndGlobalSection
EndGlobal
